// !$*UTF8*$!
{
	archiveVersion = 1;
	classes = {
	};
	objectVersion = 50;
	objects = {

/* Begin PBXBuildFile section */
		E58A7DFB238CE054009E2E74 /* AppDelegate.swift in Sources */ = {isa = PBXBuildFile; fileRef = E58A7DFA238CE054009E2E74 /* AppDelegate.swift */; };
		E58A7DFD238CE054009E2E74 /* SceneDelegate.swift in Sources */ = {isa = PBXBuildFile; fileRef = E58A7DFC238CE054009E2E74 /* SceneDelegate.swift */; };
		E58A7DFF238CE054009E2E74 /* ViewController.swift in Sources */ = {isa = PBXBuildFile; fileRef = E58A7DFE238CE054009E2E74 /* ViewController.swift */; };
		E58A7E02238CE054009E2E74 /* Main.storyboard in Resources */ = {isa = PBXBuildFile; fileRef = E58A7E00238CE054009E2E74 /* Main.storyboard */; };
		E58A7E05238CE054009E2E74 /* Virtual_Tourist.xcdatamodeld in Sources */ = {isa = PBXBuildFile; fileRef = E58A7E03238CE054009E2E74 /* Virtual_Tourist.xcdatamodeld */; };
		E58A7E07238CE058009E2E74 /* Assets.xcassets in Resources */ = {isa = PBXBuildFile; fileRef = E58A7E06238CE058009E2E74 /* Assets.xcassets */; };
		E58A7E0A238CE058009E2E74 /* LaunchScreen.storyboard in Resources */ = {isa = PBXBuildFile; fileRef = E58A7E08238CE058009E2E74 /* LaunchScreen.storyboard */; };
		E58A7E15238CE058009E2E74 /* Virtual_TouristTests.swift in Sources */ = {isa = PBXBuildFile; fileRef = E58A7E14238CE058009E2E74 /* Virtual_TouristTests.swift */; };
		E58A7E20238CE058009E2E74 /* Virtual_TouristUITests.swift in Sources */ = {isa = PBXBuildFile; fileRef = E58A7E1F238CE058009E2E74 /* Virtual_TouristUITests.swift */; };
/* End PBXBuildFile section */

/* Begin PBXContainerItemProxy section */
		E58A7E11238CE058009E2E74 /* PBXContainerItemProxy */ = {
			isa = PBXContainerItemProxy;
			containerPortal = E58A7DEF238CE054009E2E74 /* Project object */;
			proxyType = 1;
			remoteGlobalIDString = E58A7DF6238CE054009E2E74;
			remoteInfo = "Virtual Tourist";
		};
		E58A7E1C238CE058009E2E74 /* PBXContainerItemProxy */ = {
			isa = PBXContainerItemProxy;
			containerPortal = E58A7DEF238CE054009E2E74 /* Project object */;
			proxyType = 1;
			remoteGlobalIDString = E58A7DF6238CE054009E2E74;
			remoteInfo = "Virtual Tourist";
		};
/* End PBXContainerItemProxy section */

/* Begin PBXFileReference section */
		E58A7DF7238CE054009E2E74 /* Virtual Tourist.app */ = {isa = PBXFileReference; explicitFileType = wrapper.application; includeInIndex = 0; path = "Virtual Tourist.app"; sourceTree = BUILT_PRODUCTS_DIR; };
		E58A7DFA238CE054009E2E74 /* AppDelegate.swift */ = {isa = PBXFileReference; lastKnownFileType = sourcecode.swift; path = AppDelegate.swift; sourceTree = "<group>"; };
		E58A7DFC238CE054009E2E74 /* SceneDelegate.swift */ = {isa = PBXFileReference; lastKnownFileType = sourcecode.swift; path = SceneDelegate.swift; sourceTree = "<group>"; };
		E58A7DFE238CE054009E2E74 /* ViewController.swift */ = {isa = PBXFileReference; lastKnownFileType = sourcecode.swift; path = ViewController.swift; sourceTree = "<group>"; };
		E58A7E01238CE054009E2E74 /* Base */ = {isa = PBXFileReference; lastKnownFileType = file.storyboard; name = Base; path = Base.lproj/Main.storyboard; sourceTree = "<group>"; };
		E58A7E04238CE054009E2E74 /* Virtual_Tourist.xcdatamodel */ = {isa = PBXFileReference; lastKnownFileType = wrapper.xcdatamodel; path = Virtual_Tourist.xcdatamodel; sourceTree = "<group>"; };
		E58A7E06238CE058009E2E74 /* Assets.xcassets */ = {isa = PBXFileReference; lastKnownFileType = folder.assetcatalog; path = Assets.xcassets; sourceTree = "<group>"; };
		E58A7E09238CE058009E2E74 /* Base */ = {isa = PBXFileReference; lastKnownFileType = file.storyboard; name = Base; path = Base.lproj/LaunchScreen.storyboard; sourceTree = "<group>"; };
		E58A7E0B238CE058009E2E74 /* Info.plist */ = {isa = PBXFileReference; lastKnownFileType = text.plist.xml; path = Info.plist; sourceTree = "<group>"; };
		E58A7E10238CE058009E2E74 /* Virtual TouristTests.xctest */ = {isa = PBXFileReference; explicitFileType = wrapper.cfbundle; includeInIndex = 0; path = "Virtual TouristTests.xctest"; sourceTree = BUILT_PRODUCTS_DIR; };
		E58A7E14238CE058009E2E74 /* Virtual_TouristTests.swift */ = {isa = PBXFileReference; lastKnownFileType = sourcecode.swift; path = Virtual_TouristTests.swift; sourceTree = "<group>"; };
		E58A7E16238CE058009E2E74 /* Info.plist */ = {isa = PBXFileReference; lastKnownFileType = text.plist.xml; path = Info.plist; sourceTree = "<group>"; };
		E58A7E1B238CE058009E2E74 /* Virtual TouristUITests.xctest */ = {isa = PBXFileReference; explicitFileType = wrapper.cfbundle; includeInIndex = 0; path = "Virtual TouristUITests.xctest"; sourceTree = BUILT_PRODUCTS_DIR; };
		E58A7E1F238CE058009E2E74 /* Virtual_TouristUITests.swift */ = {isa = PBXFileReference; lastKnownFileType = sourcecode.swift; path = Virtual_TouristUITests.swift; sourceTree = "<group>"; };
		E58A7E21238CE058009E2E74 /* Info.plist */ = {isa = PBXFileReference; lastKnownFileType = text.plist.xml; path = Info.plist; sourceTree = "<group>"; };
/* End PBXFileReference section */

/* Begin PBXFrameworksBuildPhase section */
		E58A7DF4238CE054009E2E74 /* Frameworks */ = {
			isa = PBXFrameworksBuildPhase;
			buildActionMask = 2147483647;
			files = (
			);
			runOnlyForDeploymentPostprocessing = 0;
		};
		E58A7E0D238CE058009E2E74 /* Frameworks */ = {
			isa = PBXFrameworksBuildPhase;
			buildActionMask = 2147483647;
			files = (
			);
			runOnlyForDeploymentPostprocessing = 0;
		};
		E58A7E18238CE058009E2E74 /* Frameworks */ = {
			isa = PBXFrameworksBuildPhase;
			buildActionMask = 2147483647;
			files = (
			);
			runOnlyForDeploymentPostprocessing = 0;
		};
/* End PBXFrameworksBuildPhase section */

/* Begin PBXGroup section */
		E58A7DEE238CE054009E2E74 = {
			isa = PBXGroup;
			children = (
				E58A7DF9238CE054009E2E74 /* Virtual Tourist */,
				E58A7E13238CE058009E2E74 /* Virtual TouristTests */,
				E58A7E1E238CE058009E2E74 /* Virtual TouristUITests */,
				E58A7DF8238CE054009E2E74 /* Products */,
			);
			sourceTree = "<group>";
		};
		E58A7DF8238CE054009E2E74 /* Products */ = {
			isa = PBXGroup;
			children = (
				E58A7DF7238CE054009E2E74 /* Virtual Tourist.app */,
				E58A7E10238CE058009E2E74 /* Virtual TouristTests.xctest */,
				E58A7E1B238CE058009E2E74 /* Virtual TouristUITests.xctest */,
			);
			name = Products;
			sourceTree = "<group>";
		};
		E58A7DF9238CE054009E2E74 /* Virtual Tourist */ = {
			isa = PBXGroup;
			children = (
				E58A7E2F238CE723009E2E74 /* Controller */,
				E58A7E2E238CE713009E2E74 /* Model */,
				E58A7E2D238CE6F7009E2E74 /* View */,
				E58A7DFA238CE054009E2E74 /* AppDelegate.swift */,
				E58A7DFC238CE054009E2E74 /* SceneDelegate.swift */,
				E58A7E0B238CE058009E2E74 /* Info.plist */,
			);
			path = "Virtual Tourist";
			sourceTree = "<group>";
		};
		E58A7E13238CE058009E2E74 /* Virtual TouristTests */ = {
			isa = PBXGroup;
			children = (
				E58A7E14238CE058009E2E74 /* Virtual_TouristTests.swift */,
				E58A7E16238CE058009E2E74 /* Info.plist */,
			);
			path = "Virtual TouristTests";
			sourceTree = "<group>";
		};
		E58A7E1E238CE058009E2E74 /* Virtual TouristUITests */ = {
			isa = PBXGroup;
			children = (
				E58A7E1F238CE058009E2E74 /* Virtual_TouristUITests.swift */,
				E58A7E21238CE058009E2E74 /* Info.plist */,
			);
			path = "Virtual TouristUITests";
			sourceTree = "<group>";
		};
		E58A7E2D238CE6F7009E2E74 /* View */ = {
			isa = PBXGroup;
			children = (
				E58A7E00238CE054009E2E74 /* Main.storyboard */,
				E58A7E06238CE058009E2E74 /* Assets.xcassets */,
				E58A7E08238CE058009E2E74 /* LaunchScreen.storyboard */,
			);
			path = View;
			sourceTree = "<group>";
		};
		E58A7E2E238CE713009E2E74 /* Model */ = {
			isa = PBXGroup;
			children = (
				E58A7E03238CE054009E2E74 /* Virtual_Tourist.xcdatamodeld */,
			);
			path = Model;
			sourceTree = "<group>";
		};
		E58A7E2F238CE723009E2E74 /* Controller */ = {
			isa = PBXGroup;
			children = (
				E58A7DFE238CE054009E2E74 /* ViewController.swift */,
			);
			path = Controller;
			sourceTree = "<group>";
		};
/* End PBXGroup section */

/* Begin PBXNativeTarget section */
		E58A7DF6238CE054009E2E74 /* Virtual Tourist */ = {
			isa = PBXNativeTarget;
			buildConfigurationList = E58A7E24238CE058009E2E74 /* Build configuration list for PBXNativeTarget "Virtual Tourist" */;
			buildPhases = (
				E58A7DF3238CE054009E2E74 /* Sources */,
				E58A7DF4238CE054009E2E74 /* Frameworks */,
				E58A7DF5238CE054009E2E74 /* Resources */,
			);
			buildRules = (
			);
			dependencies = (
			);
			name = "Virtual Tourist";
			productName = "Virtual Tourist";
			productReference = E58A7DF7238CE054009E2E74 /* Virtual Tourist.app */;
			productType = "com.apple.product-type.application";
		};
		E58A7E0F238CE058009E2E74 /* Virtual TouristTests */ = {
			isa = PBXNativeTarget;
			buildConfigurationList = E58A7E27238CE058009E2E74 /* Build configuration list for PBXNativeTarget "Virtual TouristTests" */;
			buildPhases = (
				E58A7E0C238CE058009E2E74 /* Sources */,
				E58A7E0D238CE058009E2E74 /* Frameworks */,
				E58A7E0E238CE058009E2E74 /* Resources */,
			);
			buildRules = (
			);
			dependencies = (
				E58A7E12238CE058009E2E74 /* PBXTargetDependency */,
			);
			name = "Virtual TouristTests";
			productName = "Virtual TouristTests";
			productReference = E58A7E10238CE058009E2E74 /* Virtual TouristTests.xctest */;
			productType = "com.apple.product-type.bundle.unit-test";
		};
		E58A7E1A238CE058009E2E74 /* Virtual TouristUITests */ = {
			isa = PBXNativeTarget;
			buildConfigurationList = E58A7E2A238CE058009E2E74 /* Build configuration list for PBXNativeTarget "Virtual TouristUITests" */;
			buildPhases = (
				E58A7E17238CE058009E2E74 /* Sources */,
				E58A7E18238CE058009E2E74 /* Frameworks */,
				E58A7E19238CE058009E2E74 /* Resources */,
			);
			buildRules = (
			);
			dependencies = (
				E58A7E1D238CE058009E2E74 /* PBXTargetDependency */,
			);
			name = "Virtual TouristUITests";
			productName = "Virtual TouristUITests";
			productReference = E58A7E1B238CE058009E2E74 /* Virtual TouristUITests.xctest */;
			productType = "com.apple.product-type.bundle.ui-testing";
		};
/* End PBXNativeTarget section */

/* Begin PBXProject section */
		E58A7DEF238CE054009E2E74 /* Project object */ = {
			isa = PBXProject;
			attributes = {
				LastSwiftUpdateCheck = 1120;
				LastUpgradeCheck = 1120;
				ORGANIZATIONNAME = "bot consultancy";
				TargetAttributes = {
					E58A7DF6238CE054009E2E74 = {
						CreatedOnToolsVersion = 11.2.1;
					};
					E58A7E0F238CE058009E2E74 = {
						CreatedOnToolsVersion = 11.2.1;
						TestTargetID = E58A7DF6238CE054009E2E74;
					};
					E58A7E1A238CE058009E2E74 = {
						CreatedOnToolsVersion = 11.2.1;
						TestTargetID = E58A7DF6238CE054009E2E74;
					};
				};
			};
			buildConfigurationList = E58A7DF2238CE054009E2E74 /* Build configuration list for PBXProject "Virtual Tourist" */;
			compatibilityVersion = "Xcode 9.3";
			developmentRegion = en;
			hasScannedForEncodings = 0;
			knownRegions = (
				en,
				Base,
			);
			mainGroup = E58A7DEE238CE054009E2E74;
			productRefGroup = E58A7DF8238CE054009E2E74 /* Products */;
			projectDirPath = "";
			projectRoot = "";
			targets = (
				E58A7DF6238CE054009E2E74 /* Virtual Tourist */,
				E58A7E0F238CE058009E2E74 /* Virtual TouristTests */,
				E58A7E1A238CE058009E2E74 /* Virtual TouristUITests */,
			);
		};
/* End PBXProject section */

/* Begin PBXResourcesBuildPhase section */
		E58A7DF5238CE054009E2E74 /* Resources */ = {
			isa = PBXResourcesBuildPhase;
			buildActionMask = 2147483647;
			files = (
				E58A7E0A238CE058009E2E74 /* LaunchScreen.storyboard in Resources */,
				E58A7E07238CE058009E2E74 /* Assets.xcassets in Resources */,
				E58A7E02238CE054009E2E74 /* Main.storyboard in Resources */,
			);
			runOnlyForDeploymentPostprocessing = 0;
		};
		E58A7E0E238CE058009E2E74 /* Resources */ = {
			isa = PBXResourcesBuildPhase;
			buildActionMask = 2147483647;
			files = (
			);
			runOnlyForDeploymentPostprocessing = 0;
		};
		E58A7E19238CE058009E2E74 /* Resources */ = {
			isa = PBXResourcesBuildPhase;
			buildActionMask = 2147483647;
			files = (
			);
			runOnlyForDeploymentPostprocessing = 0;
		};
/* End PBXResourcesBuildPhase section */

/* Begin PBXSourcesBuildPhase section */
		E58A7DF3238CE054009E2E74 /* Sources */ = {
			isa = PBXSourcesBuildPhase;
			buildActionMask = 2147483647;
			files = (
				E58A7E05238CE054009E2E74 /* Virtual_Tourist.xcdatamodeld in Sources */,
				E58A7DFF238CE054009E2E74 /* ViewController.swift in Sources */,
				E58A7DFB238CE054009E2E74 /* AppDelegate.swift in Sources */,
				E58A7DFD238CE054009E2E74 /* SceneDelegate.swift in Sources */,
			);
			runOnlyForDeploymentPostprocessing = 0;
		};
		E58A7E0C238CE058009E2E74 /* Sources */ = {
			isa = PBXSourcesBuildPhase;
			buildActionMask = 2147483647;
			files = (
				E58A7E15238CE058009E2E74 /* Virtual_TouristTests.swift in Sources */,
			);
			runOnlyForDeploymentPostprocessing = 0;
		};
		E58A7E17238CE058009E2E74 /* Sources */ = {
			isa = PBXSourcesBuildPhase;
			buildActionMask = 2147483647;
			files = (
				E58A7E20238CE058009E2E74 /* Virtual_TouristUITests.swift in Sources */,
			);
			runOnlyForDeploymentPostprocessing = 0;
		};
/* End PBXSourcesBuildPhase section */

/* Begin PBXTargetDependency section */
		E58A7E12238CE058009E2E74 /* PBXTargetDependency */ = {
			isa = PBXTargetDependency;
			target = E58A7DF6238CE054009E2E74 /* Virtual Tourist */;
			targetProxy = E58A7E11238CE058009E2E74 /* PBXContainerItemProxy */;
		};
		E58A7E1D238CE058009E2E74 /* PBXTargetDependency */ = {
			isa = PBXTargetDependency;
			target = E58A7DF6238CE054009E2E74 /* Virtual Tourist */;
			targetProxy = E58A7E1C238CE058009E2E74 /* PBXContainerItemProxy */;
		};
/* End PBXTargetDependency section */

/* Begin PBXVariantGroup section */
		E58A7E00238CE054009E2E74 /* Main.storyboard */ = {
			isa = PBXVariantGroup;
			children = (
				E58A7E01238CE054009E2E74 /* Base */,
			);
			name = Main.storyboard;
			sourceTree = "<group>";
		};
		E58A7E08238CE058009E2E74 /* LaunchScreen.storyboard */ = {
			isa = PBXVariantGroup;
			children = (
				E58A7E09238CE058009E2E74 /* Base */,
			);
			name = LaunchScreen.storyboard;
			sourceTree = "<group>";
		};
/* End PBXVariantGroup section */

/* Begin XCBuildConfiguration section */
		E58A7E22238CE058009E2E74 /* Debug */ = {
			isa = XCBuildConfiguration;
			buildSettings = {
				ALWAYS_SEARCH_USER_PATHS = NO;
				CLANG_ANALYZER_NONNULL = YES;
				CLANG_ANALYZER_NUMBER_OBJECT_CONVERSION = YES_AGGRESSIVE;
				CLANG_CXX_LANGUAGE_STANDARD = "gnu++14";
				CLANG_CXX_LIBRARY = "libc++";
				CLANG_ENABLE_MODULES = YES;
				CLANG_ENABLE_OBJC_ARC = YES;
				CLANG_ENABLE_OBJC_WEAK = YES;
				CLANG_WARN_BLOCK_CAPTURE_AUTORELEASING = YES;
				CLANG_WARN_BOOL_CONVERSION = YES;
				CLANG_WARN_COMMA = YES;
				CLANG_WARN_CONSTANT_CONVERSION = YES;
				CLANG_WARN_DEPRECATED_OBJC_IMPLEMENTATIONS = YES;
				CLANG_WARN_DIRECT_OBJC_ISA_USAGE = YES_ERROR;
				CLANG_WARN_DOCUMENTATION_COMMENTS = YES;
				CLANG_WARN_EMPTY_BODY = YES;
				CLANG_WARN_ENUM_CONVERSION = YES;
				CLANG_WARN_INFINITE_RECURSION = YES;
				CLANG_WARN_INT_CONVERSION = YES;
				CLANG_WARN_NON_LITERAL_NULL_CONVERSION = YES;
				CLANG_WARN_OBJC_IMPLICIT_RETAIN_SELF = YES;
				CLANG_WARN_OBJC_LITERAL_CONVERSION = YES;
				CLANG_WARN_OBJC_ROOT_CLASS = YES_ERROR;
				CLANG_WARN_RANGE_LOOP_ANALYSIS = YES;
				CLANG_WARN_STRICT_PROTOTYPES = YES;
				CLANG_WARN_SUSPICIOUS_MOVE = YES;
				CLANG_WARN_UNGUARDED_AVAILABILITY = YES_AGGRESSIVE;
				CLANG_WARN_UNREACHABLE_CODE = YES;
				CLANG_WARN__DUPLICATE_METHOD_MATCH = YES;
				COPY_PHASE_STRIP = NO;
				DEBUG_INFORMATION_FORMAT = dwarf;
				ENABLE_STRICT_OBJC_MSGSEND = YES;
				ENABLE_TESTABILITY = YES;
				GCC_C_LANGUAGE_STANDARD = gnu11;
				GCC_DYNAMIC_NO_PIC = NO;
				GCC_NO_COMMON_BLOCKS = YES;
				GCC_OPTIMIZATION_LEVEL = 0;
				GCC_PREPROCESSOR_DEFINITIONS = (
					"DEBUG=1",
					"$(inherited)",
				);
				GCC_WARN_64_TO_32_BIT_CONVERSION = YES;
				GCC_WARN_ABOUT_RETURN_TYPE = YES_ERROR;
				GCC_WARN_UNDECLARED_SELECTOR = YES;
				GCC_WARN_UNINITIALIZED_AUTOS = YES_AGGRESSIVE;
				GCC_WARN_UNUSED_FUNCTION = YES;
				GCC_WARN_UNUSED_VARIABLE = YES;
				IPHONEOS_DEPLOYMENT_TARGET = 13.2;
				MTL_ENABLE_DEBUG_INFO = INCLUDE_SOURCE;
				MTL_FAST_MATH = YES;
				ONLY_ACTIVE_ARCH = YES;
				SDKROOT = iphoneos;
				SWIFT_ACTIVE_COMPILATION_CONDITIONS = DEBUG;
				SWIFT_OPTIMIZATION_LEVEL = "-Onone";
			};
			name = Debug;
		};
		E58A7E23238CE058009E2E74 /* Release */ = {
			isa = XCBuildConfiguration;
			buildSettings = {
				ALWAYS_SEARCH_USER_PATHS = NO;
				CLANG_ANALYZER_NONNULL = YES;
				CLANG_ANALYZER_NUMBER_OBJECT_CONVERSION = YES_AGGRESSIVE;
				CLANG_CXX_LANGUAGE_STANDARD = "gnu++14";
				CLANG_CXX_LIBRARY = "libc++";
				CLANG_ENABLE_MODULES = YES;
				CLANG_ENABLE_OBJC_ARC = YES;
				CLANG_ENABLE_OBJC_WEAK = YES;
				CLANG_WARN_BLOCK_CAPTURE_AUTORELEASING = YES;
				CLANG_WARN_BOOL_CONVERSION = YES;
				CLANG_WARN_COMMA = YES;
				CLANG_WARN_CONSTANT_CONVERSION = YES;
				CLANG_WARN_DEPRECATED_OBJC_IMPLEMENTATIONS = YES;
				CLANG_WARN_DIRECT_OBJC_ISA_USAGE = YES_ERROR;
				CLANG_WARN_DOCUMENTATION_COMMENTS = YES;
				CLANG_WARN_EMPTY_BODY = YES;
				CLANG_WARN_ENUM_CONVERSION = YES;
				CLANG_WARN_INFINITE_RECURSION = YES;
				CLANG_WARN_INT_CONVERSION = YES;
				CLANG_WARN_NON_LITERAL_NULL_CONVERSION = YES;
				CLANG_WARN_OBJC_IMPLICIT_RETAIN_SELF = YES;
				CLANG_WARN_OBJC_LITERAL_CONVERSION = YES;
				CLANG_WARN_OBJC_ROOT_CLASS = YES_ERROR;
				CLANG_WARN_RANGE_LOOP_ANALYSIS = YES;
				CLANG_WARN_STRICT_PROTOTYPES = YES;
				CLANG_WARN_SUSPICIOUS_MOVE = YES;
				CLANG_WARN_UNGUARDED_AVAILABILITY = YES_AGGRESSIVE;
				CLANG_WARN_UNREACHABLE_CODE = YES;
				CLANG_WARN__DUPLICATE_METHOD_MATCH = YES;
				COPY_PHASE_STRIP = NO;
				DEBUG_INFORMATION_FORMAT = "dwarf-with-dsym";
				ENABLE_NS_ASSERTIONS = NO;
				ENABLE_STRICT_OBJC_MSGSEND = YES;
				GCC_C_LANGUAGE_STANDARD = gnu11;
				GCC_NO_COMMON_BLOCKS = YES;
				GCC_WARN_64_TO_32_BIT_CONVERSION = YES;
				GCC_WARN_ABOUT_RETURN_TYPE = YES_ERROR;
				GCC_WARN_UNDECLARED_SELECTOR = YES;
				GCC_WARN_UNINITIALIZED_AUTOS = YES_AGGRESSIVE;
				GCC_WARN_UNUSED_FUNCTION = YES;
				GCC_WARN_UNUSED_VARIABLE = YES;
				IPHONEOS_DEPLOYMENT_TARGET = 13.2;
				MTL_ENABLE_DEBUG_INFO = NO;
				MTL_FAST_MATH = YES;
				SDKROOT = iphoneos;
				SWIFT_COMPILATION_MODE = wholemodule;
				SWIFT_OPTIMIZATION_LEVEL = "-O";
				VALIDATE_PRODUCT = YES;
			};
			name = Release;
		};
		E58A7E25238CE058009E2E74 /* Debug */ = {
			isa = XCBuildConfiguration;
			buildSettings = {
				ASSETCATALOG_COMPILER_APPICON_NAME = AppIcon;
				CODE_SIGN_STYLE = Automatic;
				INFOPLIST_FILE = "Virtual Tourist/Info.plist";
				LD_RUNPATH_SEARCH_PATHS = (
					"$(inherited)",
					"@executable_path/Frameworks",
				);
				PRODUCT_BUNDLE_IDENTIFIER = "com.botconsultancy.Virtual-Tourist";
				PRODUCT_NAME = "$(TARGET_NAME)";
				SWIFT_VERSION = 5.0;
				TARGETED_DEVICE_FAMILY = "1,2";
			};
			name = Debug;
		};
		E58A7E26238CE058009E2E74 /* Release */ = {
			isa = XCBuildConfiguration;
			buildSettings = {
				ASSETCATALOG_COMPILER_APPICON_NAME = AppIcon;
				CODE_SIGN_STYLE = Automatic;
				INFOPLIST_FILE = "Virtual Tourist/Info.plist";
				LD_RUNPATH_SEARCH_PATHS = (
					"$(inherited)",
					"@executable_path/Frameworks",
				);
				PRODUCT_BUNDLE_IDENTIFIER = "com.botconsultancy.Virtual-Tourist";
				PRODUCT_NAME = "$(TARGET_NAME)";
				SWIFT_VERSION = 5.0;
				TARGETED_DEVICE_FAMILY = "1,2";
			};
			name = Release;
		};
		E58A7E28238CE058009E2E74 /* Debug */ = {
			isa = XCBuildConfiguration;
			buildSettings = {
				ALWAYS_EMBED_SWIFT_STANDARD_LIBRARIES = YES;
				BUNDLE_LOADER = "$(TEST_HOST)";
				CODE_SIGN_STYLE = Automatic;
				INFOPLIST_FILE = "Virtual TouristTests/Info.plist";
				IPHONEOS_DEPLOYMENT_TARGET = 13.2;
				LD_RUNPATH_SEARCH_PATHS = (
					"$(inherited)",
					"@executable_path/Frameworks",
					"@loader_path/Frameworks",
				);
				PRODUCT_BUNDLE_IDENTIFIER = "com.botconsultancy.Virtual-TouristTests";
				PRODUCT_NAME = "$(TARGET_NAME)";
				SWIFT_VERSION = 5.0;
				TARGETED_DEVICE_FAMILY = "1,2";
				TEST_HOST = "$(BUILT_PRODUCTS_DIR)/Virtual Tourist.app/Virtual Tourist";
			};
			name = Debug;
		};
		E58A7E29238CE058009E2E74 /* Release */ = {
			isa = XCBuildConfiguration;
			buildSettings = {
				ALWAYS_EMBED_SWIFT_STANDARD_LIBRARIES = YES;
				BUNDLE_LOADER = "$(TEST_HOST)";
				CODE_SIGN_STYLE = Automatic;
				INFOPLIST_FILE = "Virtual TouristTests/Info.plist";
				IPHONEOS_DEPLOYMENT_TARGET = 13.2;
				LD_RUNPATH_SEARCH_PATHS = (
					"$(inherited)",
					"@executable_path/Frameworks",
					"@loader_path/Frameworks",
				);
				PRODUCT_BUNDLE_IDENTIFIER = "com.botconsultancy.Virtual-TouristTests";
				PRODUCT_NAME = "$(TARGET_NAME)";
				SWIFT_VERSION = 5.0;
				TARGETED_DEVICE_FAMILY = "1,2";
				TEST_HOST = "$(BUILT_PRODUCTS_DIR)/Virtual Tourist.app/Virtual Tourist";
			};
			name = Release;
		};
		E58A7E2B238CE058009E2E74 /* Debug */ = {
			isa = XCBuildConfiguration;
			buildSettings = {
				ALWAYS_EMBED_SWIFT_STANDARD_LIBRARIES = YES;
				CODE_SIGN_STYLE = Automatic;
				INFOPLIST_FILE = "Virtual TouristUITests/Info.plist";
				LD_RUNPATH_SEARCH_PATHS = (
					"$(inherited)",
					"@executable_path/Frameworks",
					"@loader_path/Frameworks",
				);
				PRODUCT_BUNDLE_IDENTIFIER = "com.botconsultancy.Virtual-TouristUITests";
				PRODUCT_NAME = "$(TARGET_NAME)";
				SWIFT_VERSION = 5.0;
				TARGETED_DEVICE_FAMILY = "1,2";
				TEST_TARGET_NAME = "Virtual Tourist";
			};
			name = Debug;
		};
		E58A7E2C238CE058009E2E74 /* Release */ = {
			isa = XCBuildConfiguration;
			buildSettings = {
				ALWAYS_EMBED_SWIFT_STANDARD_LIBRARIES = YES;
				CODE_SIGN_STYLE = Automatic;
				INFOPLIST_FILE = "Virtual TouristUITests/Info.plist";
				LD_RUNPATH_SEARCH_PATHS = (
					"$(inherited)",
					"@executable_path/Frameworks",
					"@loader_path/Frameworks",
				);
				PRODUCT_BUNDLE_IDENTIFIER = "com.botconsultancy.Virtual-TouristUITests";
				PRODUCT_NAME = "$(TARGET_NAME)";
				SWIFT_VERSION = 5.0;
				TARGETED_DEVICE_FAMILY = "1,2";
				TEST_TARGET_NAME = "Virtual Tourist";
			};
			name = Release;
		};
/* End XCBuildConfiguration section */

/* Begin XCConfigurationList section */
		E58A7DF2238CE054009E2E74 /* Build configuration list for PBXProject "Virtual Tourist" */ = {
			isa = XCConfigurationList;
			buildConfigurations = (
				E58A7E22238CE058009E2E74 /* Debug */,
				E58A7E23238CE058009E2E74 /* Release */,
			);
			defaultConfigurationIsVisible = 0;
			defaultConfigurationName = Release;
		};
		E58A7E24238CE058009E2E74 /* Build configuration list for PBXNativeTarget "Virtual Tourist" */ = {
			isa = XCConfigurationList;
			buildConfigurations = (
				E58A7E25238CE058009E2E74 /* Debug */,
				E58A7E26238CE058009E2E74 /* Release */,
			);
			defaultConfigurationIsVisible = 0;
			defaultConfigurationName = Release;
		};
		E58A7E27238CE058009E2E74 /* Build configuration list for PBXNativeTarget "Virtual TouristTests" */ = {
			isa = XCConfigurationList;
			buildConfigurations = (
				E58A7E28238CE058009E2E74 /* Debug */,
				E58A7E29238CE058009E2E74 /* Release */,
			);
			defaultConfigurationIsVisible = 0;
			defaultConfigurationName = Release;
		};
		E58A7E2A238CE058009E2E74 /* Build configuration list for PBXNativeTarget "Virtual TouristUITests" */ = {
			isa = XCConfigurationList;
			buildConfigurations = (
				E58A7E2B238CE058009E2E74 /* Debug */,
				E58A7E2C238CE058009E2E74 /* Release */,
			);
			defaultConfigurationIsVisible = 0;
			defaultConfigurationName = Release;
		};
/* End XCConfigurationList section */

/* Begin XCVersionGroup section */
		E58A7E03238CE054009E2E74 /* Virtual_Tourist.xcdatamodeld */ = {
			isa = XCVersionGroup;
			children = (
				E58A7E04238CE054009E2E74 /* Virtual_Tourist.xcdatamodel */,
			);
			currentVersion = E58A7E04238CE054009E2E74 /* Virtual_Tourist.xcdatamodel */;
			path = Virtual_Tourist.xcdatamodeld;
			sourceTree = "<group>";
			versionGroupType = wrapper.xcdatamodel;
		};
/* End XCVersionGroup section */
	};
	rootObject = E58A7DEF238CE054009E2E74 /* Project object */;
}
